// !$*UTF8*$!
{
	archiveVersion = 1;
	classes = {
	};
	objectVersion = 56;
	objects = {

/* Begin PBXBuildFile section */
		43859900293A23530002659A /* iOS_InterviewApp.swift in Sources */ = {isa = PBXBuildFile; fileRef = 438598FF293A23530002659A /* iOS_InterviewApp.swift */; };
		43859902293A23530002659A /* VideoList.swift in Sources */ = {isa = PBXBuildFile; fileRef = 43859901293A23530002659A /* VideoList.swift */; };
		43859904293A23540002659A /* Assets.xcassets in Resources */ = {isa = PBXBuildFile; fileRef = 43859903293A23540002659A /* Assets.xcassets */; };
		43859907293A23540002659A /* Preview Assets.xcassets in Resources */ = {isa = PBXBuildFile; fileRef = 43859906293A23540002659A /* Preview Assets.xcassets */; };
		43859911293A28790002659A /* Video.swift in Sources */ = {isa = PBXBuildFile; fileRef = 43859910293A28790002659A /* Video.swift */; };
		43859914293A33F70002659A /* Networking.swift in Sources */ = {isa = PBXBuildFile; fileRef = 43859913293A33F70002659A /* Networking.swift */; };
		43F1F265293F8B450000BA9E /* VideoListViewModel.swift in Sources */ = {isa = PBXBuildFile; fileRef = 43F1F264293F8B450000BA9E /* VideoListViewModel.swift */; };
		43F1F26B29422BF00000BA9E /* FileManager+Extensions.swift in Sources */ = {isa = PBXBuildFile; fileRef = 43F1F26A29422BF00000BA9E /* FileManager+Extensions.swift */; };
/* End PBXBuildFile section */

/* Begin PBXFileReference section */
		438598FC293A23530002659A /* iOS-Interview.app */ = {isa = PBXFileReference; explicitFileType = wrapper.application; includeInIndex = 0; path = "iOS-Interview.app"; sourceTree = BUILT_PRODUCTS_DIR; };
		438598FF293A23530002659A /* iOS_InterviewApp.swift */ = {isa = PBXFileReference; lastKnownFileType = sourcecode.swift; path = iOS_InterviewApp.swift; sourceTree = "<group>"; };
		43859901293A23530002659A /* VideoList.swift */ = {isa = PBXFileReference; lastKnownFileType = sourcecode.swift; path = VideoList.swift; sourceTree = "<group>"; };
		43859903293A23540002659A /* Assets.xcassets */ = {isa = PBXFileReference; lastKnownFileType = folder.assetcatalog; path = Assets.xcassets; sourceTree = "<group>"; };
		43859906293A23540002659A /* Preview Assets.xcassets */ = {isa = PBXFileReference; lastKnownFileType = folder.assetcatalog; path = "Preview Assets.xcassets"; sourceTree = "<group>"; };
		43859910293A28790002659A /* Video.swift */ = {isa = PBXFileReference; lastKnownFileType = sourcecode.swift; path = Video.swift; sourceTree = "<group>"; };
		43859913293A33F70002659A /* Networking.swift */ = {isa = PBXFileReference; lastKnownFileType = sourcecode.swift; path = Networking.swift; sourceTree = "<group>"; };
		43F1F264293F8B450000BA9E /* VideoListViewModel.swift */ = {isa = PBXFileReference; lastKnownFileType = sourcecode.swift; path = VideoListViewModel.swift; sourceTree = "<group>"; };
		43F1F26A29422BF00000BA9E /* FileManager+Extensions.swift */ = {isa = PBXFileReference; lastKnownFileType = sourcecode.swift; path = "FileManager+Extensions.swift"; sourceTree = "<group>"; };
/* End PBXFileReference section */

/* Begin PBXFrameworksBuildPhase section */
		438598F9293A23530002659A /* Frameworks */ = {
			isa = PBXFrameworksBuildPhase;
			buildActionMask = 2147483647;
			files = (
			);
			runOnlyForDeploymentPostprocessing = 0;
		};
/* End PBXFrameworksBuildPhase section */

/* Begin PBXGroup section */
		438598F3293A23530002659A = {
			isa = PBXGroup;
			children = (
				438598FE293A23530002659A /* iOS-Interview */,
				438598FD293A23530002659A /* Products */,
			);
			sourceTree = "<group>";
		};
		438598FD293A23530002659A /* Products */ = {
			isa = PBXGroup;
			children = (
				438598FC293A23530002659A /* iOS-Interview.app */,
			);
			name = Products;
			sourceTree = "<group>";
		};
		438598FE293A23530002659A /* iOS-Interview */ = {
			isa = PBXGroup;
			children = (
				438598FF293A23530002659A /* iOS_InterviewApp.swift */,
				43859901293A23530002659A /* VideoList.swift */,
				43F1F263293F8B010000BA9E /* ViewModels */,
				43859912293A33370002659A /* Models */,
				4385990D293A28310002659A /* Networking */,
				43859903293A23540002659A /* Assets.xcassets */,
				43F1F26929422BE30000BA9E /* Extensions */,
				43859905293A23540002659A /* Preview Content */,
			);
			path = "iOS-Interview";
			sourceTree = "<group>";
		};
		43859905293A23540002659A /* Preview Content */ = {
			isa = PBXGroup;
			children = (
				43859906293A23540002659A /* Preview Assets.xcassets */,
			);
			path = "Preview Content";
			sourceTree = "<group>";
		};
		4385990D293A28310002659A /* Networking */ = {
			isa = PBXGroup;
			children = (
				43859913293A33F70002659A /* Networking.swift */,
			);
			path = Networking;
			sourceTree = "<group>";
		};
		43859912293A33370002659A /* Models */ = {
			isa = PBXGroup;
			children = (
				43859910293A28790002659A /* Video.swift */,
			);
			path = Models;
			sourceTree = "<group>";
		};
		43F1F263293F8B010000BA9E /* ViewModels */ = {
			isa = PBXGroup;
			children = (
				43F1F264293F8B450000BA9E /* VideoListViewModel.swift */,
			);
			path = ViewModels;
			sourceTree = "<group>";
		};
		43F1F26929422BE30000BA9E /* Extensions */ = {
			isa = PBXGroup;
			children = (
				43F1F26A29422BF00000BA9E /* FileManager+Extensions.swift */,
			);
			path = Extensions;
			sourceTree = "<group>";
		};
/* End PBXGroup section */

/* Begin PBXNativeTarget section */
		438598FB293A23530002659A /* iOS-Interview */ = {
			isa = PBXNativeTarget;
			buildConfigurationList = 4385990A293A23540002659A /* Build configuration list for PBXNativeTarget "iOS-Interview" */;
			buildPhases = (
				438598F8293A23530002659A /* Sources */,
				438598F9293A23530002659A /* Frameworks */,
				438598FA293A23530002659A /* Resources */,
			);
			buildRules = (
			);
			dependencies = (
			);
			name = "iOS-Interview";
			productName = "iOS-Interview";
			productReference = 438598FC293A23530002659A /* iOS-Interview.app */;
			productType = "com.apple.product-type.application";
		};
/* End PBXNativeTarget section */

/* Begin PBXProject section */
		438598F4293A23530002659A /* Project object */ = {
			isa = PBXProject;
			attributes = {
				BuildIndependentTargetsInParallel = 1;
				LastSwiftUpdateCheck = 1410;
				LastUpgradeCheck = 1410;
				TargetAttributes = {
					438598FB293A23530002659A = {
						CreatedOnToolsVersion = 14.1;
					};
				};
			};
			buildConfigurationList = 438598F7293A23530002659A /* Build configuration list for PBXProject "iOS-Interview" */;
			compatibilityVersion = "Xcode 14.0";
			developmentRegion = en;
			hasScannedForEncodings = 0;
			knownRegions = (
				en,
				Base,
			);
			mainGroup = 438598F3293A23530002659A;
			productRefGroup = 438598FD293A23530002659A /* Products */;
			projectDirPath = "";
			projectRoot = "";
			targets = (
				438598FB293A23530002659A /* iOS-Interview */,
			);
		};
/* End PBXProject section */

/* Begin PBXResourcesBuildPhase section */
		438598FA293A23530002659A /* Resources */ = {
			isa = PBXResourcesBuildPhase;
			buildActionMask = 2147483647;
			files = (
				43859907293A23540002659A /* Preview Assets.xcassets in Resources */,
				43859904293A23540002659A /* Assets.xcassets in Resources */,
			);
			runOnlyForDeploymentPostprocessing = 0;
		};
/* End PBXResourcesBuildPhase section */

/* Begin PBXSourcesBuildPhase section */
		438598F8293A23530002659A /* Sources */ = {
			isa = PBXSourcesBuildPhase;
			buildActionMask = 2147483647;
			files = (
				43859902293A23530002659A /* VideoList.swift in Sources */,
				43F1F26B29422BF00000BA9E /* FileManager+Extensions.swift in Sources */,
				43859914293A33F70002659A /* Networking.swift in Sources */,
				43F1F265293F8B450000BA9E /* VideoListViewModel.swift in Sources */,
				43859911293A28790002659A /* Video.swift in Sources */,
				43859900293A23530002659A /* iOS_InterviewApp.swift in Sources */,
			);
			runOnlyForDeploymentPostprocessing = 0;
		};
/* End PBXSourcesBuildPhase section */

/* Begin XCBuildConfiguration section */
		43859908293A23540002659A /* Debug */ = {
			isa = XCBuildConfiguration;
			buildSettings = {
				ALWAYS_SEARCH_USER_PATHS = NO;
				CLANG_ANALYZER_NONNULL = YES;
				CLANG_ANALYZER_NUMBER_OBJECT_CONVERSION = YES_AGGRESSIVE;
				CLANG_CXX_LANGUAGE_STANDARD = "gnu++20";
				CLANG_ENABLE_MODULES = YES;
				CLANG_ENABLE_OBJC_ARC = YES;
				CLANG_ENABLE_OBJC_WEAK = YES;
				CLANG_WARN_BLOCK_CAPTURE_AUTORELEASING = YES;
				CLANG_WARN_BOOL_CONVERSION = YES;
				CLANG_WARN_COMMA = YES;
				CLANG_WARN_CONSTANT_CONVERSION = YES;
				CLANG_WARN_DEPRECATED_OBJC_IMPLEMENTATIONS = YES;
				CLANG_WARN_DIRECT_OBJC_ISA_USAGE = YES_ERROR;
				CLANG_WARN_DOCUMENTATION_COMMENTS = YES;
				CLANG_WARN_EMPTY_BODY = YES;
				CLANG_WARN_ENUM_CONVERSION = YES;
				CLANG_WARN_INFINITE_RECURSION = YES;
				CLANG_WARN_INT_CONVERSION = YES;
				CLANG_WARN_NON_LITERAL_NULL_CONVERSION = YES;
				CLANG_WARN_OBJC_IMPLICIT_RETAIN_SELF = YES;
				CLANG_WARN_OBJC_LITERAL_CONVERSION = YES;
				CLANG_WARN_OBJC_ROOT_CLASS = YES_ERROR;
				CLANG_WARN_QUOTED_INCLUDE_IN_FRAMEWORK_HEADER = YES;
				CLANG_WARN_RANGE_LOOP_ANALYSIS = YES;
				CLANG_WARN_STRICT_PROTOTYPES = YES;
				CLANG_WARN_SUSPICIOUS_MOVE = YES;
				CLANG_WARN_UNGUARDED_AVAILABILITY = YES_AGGRESSIVE;
				CLANG_WARN_UNREACHABLE_CODE = YES;
				CLANG_WARN__DUPLICATE_METHOD_MATCH = YES;
				COPY_PHASE_STRIP = NO;
				DEBUG_INFORMATION_FORMAT = dwarf;
				ENABLE_STRICT_OBJC_MSGSEND = YES;
				ENABLE_TESTABILITY = YES;
				GCC_C_LANGUAGE_STANDARD = gnu11;
				GCC_DYNAMIC_NO_PIC = NO;
				GCC_NO_COMMON_BLOCKS = YES;
				GCC_OPTIMIZATION_LEVEL = 0;
				GCC_PREPROCESSOR_DEFINITIONS = (
					"DEBUG=1",
					"$(inherited)",
				);
				GCC_WARN_64_TO_32_BIT_CONVERSION = YES;
				GCC_WARN_ABOUT_RETURN_TYPE = YES_ERROR;
				GCC_WARN_UNDECLARED_SELECTOR = YES;
				GCC_WARN_UNINITIALIZED_AUTOS = YES_AGGRESSIVE;
				GCC_WARN_UNUSED_FUNCTION = YES;
				GCC_WARN_UNUSED_VARIABLE = YES;
				IPHONEOS_DEPLOYMENT_TARGET = 16.1;
				MTL_ENABLE_DEBUG_INFO = INCLUDE_SOURCE;
				MTL_FAST_MATH = YES;
				ONLY_ACTIVE_ARCH = YES;
				SDKROOT = iphoneos;
				SWIFT_ACTIVE_COMPILATION_CONDITIONS = DEBUG;
				SWIFT_OPTIMIZATION_LEVEL = "-Onone";
			};
			name = Debug;
		};
		43859909293A23540002659A /* Release */ = {
			isa = XCBuildConfiguration;
			buildSettings = {
				ALWAYS_SEARCH_USER_PATHS = NO;
				CLANG_ANALYZER_NONNULL = YES;
				CLANG_ANALYZER_NUMBER_OBJECT_CONVERSION = YES_AGGRESSIVE;
				CLANG_CXX_LANGUAGE_STANDARD = "gnu++20";
				CLANG_ENABLE_MODULES = YES;
				CLANG_ENABLE_OBJC_ARC = YES;
				CLANG_ENABLE_OBJC_WEAK = YES;
				CLANG_WARN_BLOCK_CAPTURE_AUTORELEASING = YES;
				CLANG_WARN_BOOL_CONVERSION = YES;
				CLANG_WARN_COMMA = YES;
				CLANG_WARN_CONSTANT_CONVERSION = YES;
				CLANG_WARN_DEPRECATED_OBJC_IMPLEMENTATIONS = YES;
				CLANG_WARN_DIRECT_OBJC_ISA_USAGE = YES_ERROR;
				CLANG_WARN_DOCUMENTATION_COMMENTS = YES;
				CLANG_WARN_EMPTY_BODY = YES;
				CLANG_WARN_ENUM_CONVERSION = YES;
				CLANG_WARN_INFINITE_RECURSION = YES;
				CLANG_WARN_INT_CONVERSION = YES;
				CLANG_WARN_NON_LITERAL_NULL_CONVERSION = YES;
				CLANG_WARN_OBJC_IMPLICIT_RETAIN_SELF = YES;
				CLANG_WARN_OBJC_LITERAL_CONVERSION = YES;
				CLANG_WARN_OBJC_ROOT_CLASS = YES_ERROR;
				CLANG_WARN_QUOTED_INCLUDE_IN_FRAMEWORK_HEADER = YES;
				CLANG_WARN_RANGE_LOOP_ANALYSIS = YES;
				CLANG_WARN_STRICT_PROTOTYPES = YES;
				CLANG_WARN_SUSPICIOUS_MOVE = YES;
				CLANG_WARN_UNGUARDED_AVAILABILITY = YES_AGGRESSIVE;
				CLANG_WARN_UNREACHABLE_CODE = YES;
				CLANG_WARN__DUPLICATE_METHOD_MATCH = YES;
				COPY_PHASE_STRIP = NO;
				DEBUG_INFORMATION_FORMAT = "dwarf-with-dsym";
				ENABLE_NS_ASSERTIONS = NO;
				ENABLE_STRICT_OBJC_MSGSEND = YES;
				GCC_C_LANGUAGE_STANDARD = gnu11;
				GCC_NO_COMMON_BLOCKS = YES;
				GCC_WARN_64_TO_32_BIT_CONVERSION = YES;
				GCC_WARN_ABOUT_RETURN_TYPE = YES_ERROR;
				GCC_WARN_UNDECLARED_SELECTOR = YES;
				GCC_WARN_UNINITIALIZED_AUTOS = YES_AGGRESSIVE;
				GCC_WARN_UNUSED_FUNCTION = YES;
				GCC_WARN_UNUSED_VARIABLE = YES;
				IPHONEOS_DEPLOYMENT_TARGET = 16.1;
				MTL_ENABLE_DEBUG_INFO = NO;
				MTL_FAST_MATH = YES;
				SDKROOT = iphoneos;
				SWIFT_COMPILATION_MODE = wholemodule;
				SWIFT_OPTIMIZATION_LEVEL = "-O";
				VALIDATE_PRODUCT = YES;
			};
			name = Release;
		};
		4385990B293A23540002659A /* Debug */ = {
			isa = XCBuildConfiguration;
			buildSettings = {
				ASSETCATALOG_COMPILER_APPICON_NAME = AppIcon;
				ASSETCATALOG_COMPILER_GLOBAL_ACCENT_COLOR_NAME = AccentColor;
				CODE_SIGN_STYLE = Automatic;
				CURRENT_PROJECT_VERSION = 1;
				DEVELOPMENT_ASSET_PATHS = "\"iOS-Interview/Preview Content\"";
				DEVELOPMENT_TEAM = 9KMH2QD53Q;
				ENABLE_PREVIEWS = YES;
				GENERATE_INFOPLIST_FILE = YES;
				INFOPLIST_KEY_UIApplicationSceneManifest_Generation = YES;
				INFOPLIST_KEY_UIApplicationSupportsIndirectInputEvents = YES;
				INFOPLIST_KEY_UILaunchScreen_Generation = YES;
				INFOPLIST_KEY_UISupportedInterfaceOrientations = UIInterfaceOrientationPortrait;
				INFOPLIST_KEY_UISupportedInterfaceOrientations_iPad = "UIInterfaceOrientationPortrait UIInterfaceOrientationPortraitUpsideDown";
				IPHONEOS_DEPLOYMENT_TARGET = 15.0;
				LD_RUNPATH_SEARCH_PATHS = (
					"$(inherited)",
					"@executable_path/Frameworks",
				);
				MARKETING_VERSION = 1.0;
				PRODUCT_BUNDLE_IDENTIFIER = "com.smiledirectclub.iOS-Interview";
				PRODUCT_NAME = "$(TARGET_NAME)";
				SWIFT_EMIT_LOC_STRINGS = YES;
				SWIFT_VERSION = 5.0;
				TARGETED_DEVICE_FAMILY = "1,2";
			};
			name = Debug;
		};
		4385990C293A23540002659A /* Release */ = {
			isa = XCBuildConfiguration;
			buildSettings = {
				ASSETCATALOG_COMPILER_APPICON_NAME = AppIcon;
				ASSETCATALOG_COMPILER_GLOBAL_ACCENT_COLOR_NAME = AccentColor;
				CODE_SIGN_STYLE = Automatic;
				CURRENT_PROJECT_VERSION = 1;
				DEVELOPMENT_ASSET_PATHS = "\"iOS-Interview/Preview Content\"";
				DEVELOPMENT_TEAM = 9KMH2QD53Q;
				ENABLE_PREVIEWS = YES;
				GENERATE_INFOPLIST_FILE = YES;
				INFOPLIST_KEY_UIApplicationSceneManifest_Generation = YES;
				INFOPLIST_KEY_UIApplicationSupportsIndirectInputEvents = YES;
				INFOPLIST_KEY_UILaunchScreen_Generation = YES;
				INFOPLIST_KEY_UISupportedInterfaceOrientations = UIInterfaceOrientationPortrait;
				INFOPLIST_KEY_UISupportedInterfaceOrientations_iPad = "UIInterfaceOrientationPortrait UIInterfaceOrientationPortraitUpsideDown";
				IPHONEOS_DEPLOYMENT_TARGET = 15.0;
				LD_RUNPATH_SEARCH_PATHS = (
					"$(inherited)",
					"@executable_path/Frameworks",
				);
				MARKETING_VERSION = 1.0;
				PRODUCT_BUNDLE_IDENTIFIER = "com.smiledirectclub.iOS-Interview";
				PRODUCT_NAME = "$(TARGET_NAME)";
				SWIFT_EMIT_LOC_STRINGS = YES;
				SWIFT_VERSION = 5.0;
				TARGETED_DEVICE_FAMILY = "1,2";
			};
			name = Release;
		};
/* End XCBuildConfiguration section */

/* Begin XCConfigurationList section */
		438598F7293A23530002659A /* Build configuration list for PBXProject "iOS-Interview" */ = {
			isa = XCConfigurationList;
			buildConfigurations = (
				43859908293A23540002659A /* Debug */,
				43859909293A23540002659A /* Release */,
			);
			defaultConfigurationIsVisible = 0;
			defaultConfigurationName = Release;
		};
		4385990A293A23540002659A /* Build configuration list for PBXNativeTarget "iOS-Interview" */ = {
			isa = XCConfigurationList;
			buildConfigurations = (
				4385990B293A23540002659A /* Debug */,
				4385990C293A23540002659A /* Release */,
			);
			defaultConfigurationIsVisible = 0;
			defaultConfigurationName = Release;
		};
/* End XCConfigurationList section */
	};
	rootObject = 438598F4293A23530002659A /* Project object */;
}
